
Microsoft Visual Studio Solution File, Format Version 12.00
# Visual Studio Version 17
VisualStudioVersion = 17.6.33829.357
MinimumVisualStudioVersion = 10.0.40219.1
Project("{FAE04EC0-301F-11D3-BF4B-00C04F79EFBC}") = "ZABALETTAMARCELO TP7", "ZABALETTAMARCELO TP7\ZABALETTAMARCELO TP7.csproj", "{BFC7511C-2B44-4EF2-B266-AE058BFA0E85}"
EndProject
Global
	GlobalSection(SolutionConfigurationPlatforms) = preSolution
		Debug|Any CPU = Debug|Any CPU
		Release|Any CPU = Release|Any CPU
	EndGlobalSection
	GlobalSection(ProjectConfigurationPlatforms) = postSolution
		{BFC7511C-2B44-4EF2-B266-AE058BFA0E85}.Debug|Any CPU.ActiveCfg = Debug|Any CPU
		{BFC7511C-2B44-4EF2-B266-AE058BFA0E85}.Debug|Any CPU.Build.0 = Debug|Any CPU
		{BFC7511C-2B44-4EF2-B266-AE058BFA0E85}.Release|Any CPU.ActiveCfg = Release|Any CPU
		{BFC7511C-2B44-4EF2-B266-AE058BFA0E85}.Release|Any CPU.Build.0 = Release|Any CPU
	EndGlobalSection
	GlobalSection(SolutionProperties) = preSolution
		HideSolutionNode = FALSE
	EndGlobalSection
	GlobalSection(ExtensibilityGlobals) = postSolution
		SolutionGuid = {ADE4AD4C-2D34-4BAD-89F5-A82544718ACB}
	EndGlobalSection
EndGlobal
