
Microsoft Visual Studio Solution File, Format Version 12.00
# Visual Studio Version 17
VisualStudioVersion = 17.7.34018.315
MinimumVisualStudioVersion = 10.0.40219.1
Project("{FAE04EC0-301F-11D3-BF4B-00C04F79EFBC}") = "ObjetosyClases", "ObjetosyClases\ObjetosyClases.csproj", "{307A196F-5041-43C6-94C8-44AE4CCE2569}"
EndProject
Global
	GlobalSection(SolutionConfigurationPlatforms) = preSolution
		Debug|Any CPU = Debug|Any CPU
		Release|Any CPU = Release|Any CPU
	EndGlobalSection
	GlobalSection(ProjectConfigurationPlatforms) = postSolution
		{307A196F-5041-43C6-94C8-44AE4CCE2569}.Debug|Any CPU.ActiveCfg = Debug|Any CPU
		{307A196F-5041-43C6-94C8-44AE4CCE2569}.Debug|Any CPU.Build.0 = Debug|Any CPU
		{307A196F-5041-43C6-94C8-44AE4CCE2569}.Release|Any CPU.ActiveCfg = Release|Any CPU
		{307A196F-5041-43C6-94C8-44AE4CCE2569}.Release|Any CPU.Build.0 = Release|Any CPU
	EndGlobalSection
	GlobalSection(SolutionProperties) = preSolution
		HideSolutionNode = FALSE
	EndGlobalSection
	GlobalSection(ExtensibilityGlobals) = postSolution
		SolutionGuid = {3059454D-06C7-4C1C-B206-57A1F29FC8F9}
	EndGlobalSection
EndGlobal
