
Microsoft Visual Studio Solution File, Format Version 12.00
# Visual Studio Version 17
VisualStudioVersion = 17.6.33815.320
MinimumVisualStudioVersion = 10.0.40219.1
Project("{FAE04EC0-301F-11D3-BF4B-00C04F79EFBC}") = "Ejercicio 1 Aritmetica basica", "Ejercicio 3 Aritmetica basica\Ejercicio 1 Aritmetica basica.csproj", "{EB3B54CF-1997-4216-BA9A-A68E53BF1CDE}"
EndProject
Project("{FAE04EC0-301F-11D3-BF4B-00C04F79EFBC}") = "Ejercicio 2 Multiplicacion de tres factores", "Ejercicio 2 Multiplicacion de tres factores\Ejercicio 2 Multiplicacion de tres factores.csproj", "{5E2A4455-BAB8-4EBD-B645-D26413F059B1}"
EndProject
Project("{FAE04EC0-301F-11D3-BF4B-00C04F79EFBC}") = "Ejercicio 3 Division y modulo de division", "Ejercicio 3 Division y modulo de division\Ejercicio 3 Division y modulo de division.csproj", "{6D4920FD-F3CA-44C7-AD12-AD8E0714EA31}"
EndProject
Project("{FAE04EC0-301F-11D3-BF4B-00C04F79EFBC}") = "Ejercicio 4 Orden de prioridad", "Ejercicio 4 Orden de prioridad\Ejercicio 4 Orden de prioridad.csproj", "{E42BD851-0CA7-4F6F-A36B-B3E0A6CE4BDE}"
EndProject
Project("{FAE04EC0-301F-11D3-BF4B-00C04F79EFBC}") = "Ejercicio 5 Media aritmetica", "Ejercicio 5 Media aritmetica\Ejercicio 5 Media aritmetica.csproj", "{E076EEC4-1B0B-4AFE-822E-7780728ED154}"
EndProject
Project("{FAE04EC0-301F-11D3-BF4B-00C04F79EFBC}") = "Ejercicio 6 Operaciones equivalentes", "Ejercicio 6 Operaciones equivalentes\Ejercicio 6 Operaciones equivalentes.csproj", "{2838D2C4-94A0-45CF-BDD3-63383E8EAE7B}"
EndProject
Global
	GlobalSection(SolutionConfigurationPlatforms) = preSolution
		Debug|Any CPU = Debug|Any CPU
		Release|Any CPU = Release|Any CPU
	EndGlobalSection
	GlobalSection(ProjectConfigurationPlatforms) = postSolution
		{EB3B54CF-1997-4216-BA9A-A68E53BF1CDE}.Debug|Any CPU.ActiveCfg = Debug|Any CPU
		{EB3B54CF-1997-4216-BA9A-A68E53BF1CDE}.Debug|Any CPU.Build.0 = Debug|Any CPU
		{EB3B54CF-1997-4216-BA9A-A68E53BF1CDE}.Release|Any CPU.ActiveCfg = Release|Any CPU
		{EB3B54CF-1997-4216-BA9A-A68E53BF1CDE}.Release|Any CPU.Build.0 = Release|Any CPU
		{5E2A4455-BAB8-4EBD-B645-D26413F059B1}.Debug|Any CPU.ActiveCfg = Debug|Any CPU
		{5E2A4455-BAB8-4EBD-B645-D26413F059B1}.Debug|Any CPU.Build.0 = Debug|Any CPU
		{5E2A4455-BAB8-4EBD-B645-D26413F059B1}.Release|Any CPU.ActiveCfg = Release|Any CPU
		{5E2A4455-BAB8-4EBD-B645-D26413F059B1}.Release|Any CPU.Build.0 = Release|Any CPU
		{6D4920FD-F3CA-44C7-AD12-AD8E0714EA31}.Debug|Any CPU.ActiveCfg = Debug|Any CPU
		{6D4920FD-F3CA-44C7-AD12-AD8E0714EA31}.Debug|Any CPU.Build.0 = Debug|Any CPU
		{6D4920FD-F3CA-44C7-AD12-AD8E0714EA31}.Release|Any CPU.ActiveCfg = Release|Any CPU
		{6D4920FD-F3CA-44C7-AD12-AD8E0714EA31}.Release|Any CPU.Build.0 = Release|Any CPU
		{E42BD851-0CA7-4F6F-A36B-B3E0A6CE4BDE}.Debug|Any CPU.ActiveCfg = Debug|Any CPU
		{E42BD851-0CA7-4F6F-A36B-B3E0A6CE4BDE}.Debug|Any CPU.Build.0 = Debug|Any CPU
		{E42BD851-0CA7-4F6F-A36B-B3E0A6CE4BDE}.Release|Any CPU.ActiveCfg = Release|Any CPU
		{E42BD851-0CA7-4F6F-A36B-B3E0A6CE4BDE}.Release|Any CPU.Build.0 = Release|Any CPU
		{E076EEC4-1B0B-4AFE-822E-7780728ED154}.Debug|Any CPU.ActiveCfg = Debug|Any CPU
		{E076EEC4-1B0B-4AFE-822E-7780728ED154}.Debug|Any CPU.Build.0 = Debug|Any CPU
		{E076EEC4-1B0B-4AFE-822E-7780728ED154}.Release|Any CPU.ActiveCfg = Release|Any CPU
		{E076EEC4-1B0B-4AFE-822E-7780728ED154}.Release|Any CPU.Build.0 = Release|Any CPU
		{2838D2C4-94A0-45CF-BDD3-63383E8EAE7B}.Debug|Any CPU.ActiveCfg = Debug|Any CPU
		{2838D2C4-94A0-45CF-BDD3-63383E8EAE7B}.Debug|Any CPU.Build.0 = Debug|Any CPU
		{2838D2C4-94A0-45CF-BDD3-63383E8EAE7B}.Release|Any CPU.ActiveCfg = Release|Any CPU
		{2838D2C4-94A0-45CF-BDD3-63383E8EAE7B}.Release|Any CPU.Build.0 = Release|Any CPU
	EndGlobalSection
	GlobalSection(SolutionProperties) = preSolution
		HideSolutionNode = FALSE
	EndGlobalSection
	GlobalSection(ExtensibilityGlobals) = postSolution
		SolutionGuid = {E8AA2BD8-9EC3-462A-8116-D9AC98E995D8}
	EndGlobalSection
EndGlobal
