
Microsoft Visual Studio Solution File, Format Version 12.00
# Visual Studio Version 17
VisualStudioVersion = 17.6.33829.357
MinimumVisualStudioVersion = 10.0.40219.1
Project("{FAE04EC0-301F-11D3-BF4B-00C04F79EFBC}") = "TPFINALZABALETTAMARCELO", "TPFINALZABALETTAMARCELO\TPFINALZABALETTAMARCELO.csproj", "{77E093D7-AEB3-4ED9-8A09-5B8700F75A58}"
EndProject
Global
	GlobalSection(SolutionConfigurationPlatforms) = preSolution
		Debug|Any CPU = Debug|Any CPU
		Release|Any CPU = Release|Any CPU
	EndGlobalSection
	GlobalSection(ProjectConfigurationPlatforms) = postSolution
		{77E093D7-AEB3-4ED9-8A09-5B8700F75A58}.Debug|Any CPU.ActiveCfg = Debug|Any CPU
		{77E093D7-AEB3-4ED9-8A09-5B8700F75A58}.Debug|Any CPU.Build.0 = Debug|Any CPU
		{77E093D7-AEB3-4ED9-8A09-5B8700F75A58}.Release|Any CPU.ActiveCfg = Release|Any CPU
		{77E093D7-AEB3-4ED9-8A09-5B8700F75A58}.Release|Any CPU.Build.0 = Release|Any CPU
	EndGlobalSection
	GlobalSection(SolutionProperties) = preSolution
		HideSolutionNode = FALSE
	EndGlobalSection
	GlobalSection(ExtensibilityGlobals) = postSolution
		SolutionGuid = {0035F2E6-4302-4BFF-8C40-997E8811CA80}
	EndGlobalSection
EndGlobal
