
Microsoft Visual Studio Solution File, Format Version 12.00
# Visual Studio Version 17
VisualStudioVersion = 17.6.33815.320
MinimumVisualStudioVersion = 10.0.40219.1
Project("{FAE04EC0-301F-11D3-BF4B-00C04F79EFBC}") = "Ejercicio 1 Calculadora basica usando if", "Ejercicio 4 Condiciones A\Ejercicio 1 Calculadora basica usando if.csproj", "{D0719454-E87E-4AD2-BAAC-5A057F1720EB}"
EndProject
Project("{FAE04EC0-301F-11D3-BF4B-00C04F79EFBC}") = "Ejercicio 2 Calculadora basica usando switch", "Ejercicio 2 Calculadora basica usando switch\Ejercicio 2 Calculadora basica usando switch.csproj", "{CC6560B8-C9FC-4425-8F8D-38FD16C399D4}"
EndProject
Project("{FAE04EC0-301F-11D3-BF4B-00C04F79EFBC}") = "Ejercicio 3 Positivo y negativo", "Ejercicio 3 Positivo y negativo\Ejercicio 3 Positivo y negativo.csproj", "{8842D40E-43FA-4337-83FA-908ECBBF89A2}"
EndProject
Project("{FAE04EC0-301F-11D3-BF4B-00C04F79EFBC}") = "Ejercicio 4 El mayor de los tres numeros", "Ejercicio 4 El mayor de los tres numeros\Ejercicio 4 El mayor de los tres numeros.csproj", "{02BF53A4-C362-4F44-9F25-B89E33B1FF8A}"
EndProject
Global
	GlobalSection(SolutionConfigurationPlatforms) = preSolution
		Debug|Any CPU = Debug|Any CPU
		Release|Any CPU = Release|Any CPU
	EndGlobalSection
	GlobalSection(ProjectConfigurationPlatforms) = postSolution
		{D0719454-E87E-4AD2-BAAC-5A057F1720EB}.Debug|Any CPU.ActiveCfg = Debug|Any CPU
		{D0719454-E87E-4AD2-BAAC-5A057F1720EB}.Debug|Any CPU.Build.0 = Debug|Any CPU
		{D0719454-E87E-4AD2-BAAC-5A057F1720EB}.Release|Any CPU.ActiveCfg = Release|Any CPU
		{D0719454-E87E-4AD2-BAAC-5A057F1720EB}.Release|Any CPU.Build.0 = Release|Any CPU
		{CC6560B8-C9FC-4425-8F8D-38FD16C399D4}.Debug|Any CPU.ActiveCfg = Debug|Any CPU
		{CC6560B8-C9FC-4425-8F8D-38FD16C399D4}.Debug|Any CPU.Build.0 = Debug|Any CPU
		{CC6560B8-C9FC-4425-8F8D-38FD16C399D4}.Release|Any CPU.ActiveCfg = Release|Any CPU
		{CC6560B8-C9FC-4425-8F8D-38FD16C399D4}.Release|Any CPU.Build.0 = Release|Any CPU
		{8842D40E-43FA-4337-83FA-908ECBBF89A2}.Debug|Any CPU.ActiveCfg = Debug|Any CPU
		{8842D40E-43FA-4337-83FA-908ECBBF89A2}.Debug|Any CPU.Build.0 = Debug|Any CPU
		{8842D40E-43FA-4337-83FA-908ECBBF89A2}.Release|Any CPU.ActiveCfg = Release|Any CPU
		{8842D40E-43FA-4337-83FA-908ECBBF89A2}.Release|Any CPU.Build.0 = Release|Any CPU
		{02BF53A4-C362-4F44-9F25-B89E33B1FF8A}.Debug|Any CPU.ActiveCfg = Debug|Any CPU
		{02BF53A4-C362-4F44-9F25-B89E33B1FF8A}.Debug|Any CPU.Build.0 = Debug|Any CPU
		{02BF53A4-C362-4F44-9F25-B89E33B1FF8A}.Release|Any CPU.ActiveCfg = Release|Any CPU
		{02BF53A4-C362-4F44-9F25-B89E33B1FF8A}.Release|Any CPU.Build.0 = Release|Any CPU
	EndGlobalSection
	GlobalSection(SolutionProperties) = preSolution
		HideSolutionNode = FALSE
	EndGlobalSection
	GlobalSection(ExtensibilityGlobals) = postSolution
		SolutionGuid = {9DD1B51C-626B-43DF-BE26-8FEAF8472E76}
	EndGlobalSection
EndGlobal
