
Microsoft Visual Studio Solution File, Format Version 12.00
# Visual Studio Version 17
VisualStudioVersion = 17.6.33829.357
MinimumVisualStudioVersion = 10.0.40219.1
Project("{FAE04EC0-301F-11D3-BF4B-00C04F79EFBC}") = "Directorios y Files", "Directorios y Files\Directorios y Files.csproj", "{941145E7-4196-4AB6-8F14-3D3EF54EAD6B}"
EndProject
Global
	GlobalSection(SolutionConfigurationPlatforms) = preSolution
		Debug|Any CPU = Debug|Any CPU
		Release|Any CPU = Release|Any CPU
	EndGlobalSection
	GlobalSection(ProjectConfigurationPlatforms) = postSolution
		{941145E7-4196-4AB6-8F14-3D3EF54EAD6B}.Debug|Any CPU.ActiveCfg = Debug|Any CPU
		{941145E7-4196-4AB6-8F14-3D3EF54EAD6B}.Debug|Any CPU.Build.0 = Debug|Any CPU
		{941145E7-4196-4AB6-8F14-3D3EF54EAD6B}.Release|Any CPU.ActiveCfg = Release|Any CPU
		{941145E7-4196-4AB6-8F14-3D3EF54EAD6B}.Release|Any CPU.Build.0 = Release|Any CPU
	EndGlobalSection
	GlobalSection(SolutionProperties) = preSolution
		HideSolutionNode = FALSE
	EndGlobalSection
	GlobalSection(ExtensibilityGlobals) = postSolution
		SolutionGuid = {8093C267-7214-404F-A61E-682E1F542EFC}
	EndGlobalSection
EndGlobal
