
Microsoft Visual Studio Solution File, Format Version 12.00
# Visual Studio Version 17
VisualStudioVersion = 17.7.34018.315
MinimumVisualStudioVersion = 10.0.40219.1
Project("{FAE04EC0-301F-11D3-BF4B-00C04F79EFBC}") = "Ejercicio2", "Ejercicio2\Ejercicio2.csproj", "{6BB6C1EA-0E75-4EF2-96A8-37198A3A6B19}"
EndProject
Global
	GlobalSection(SolutionConfigurationPlatforms) = preSolution
		Debug|Any CPU = Debug|Any CPU
		Release|Any CPU = Release|Any CPU
	EndGlobalSection
	GlobalSection(ProjectConfigurationPlatforms) = postSolution
		{6BB6C1EA-0E75-4EF2-96A8-37198A3A6B19}.Debug|Any CPU.ActiveCfg = Debug|Any CPU
		{6BB6C1EA-0E75-4EF2-96A8-37198A3A6B19}.Debug|Any CPU.Build.0 = Debug|Any CPU
		{6BB6C1EA-0E75-4EF2-96A8-37198A3A6B19}.Release|Any CPU.ActiveCfg = Release|Any CPU
		{6BB6C1EA-0E75-4EF2-96A8-37198A3A6B19}.Release|Any CPU.Build.0 = Release|Any CPU
	EndGlobalSection
	GlobalSection(SolutionProperties) = preSolution
		HideSolutionNode = FALSE
	EndGlobalSection
	GlobalSection(ExtensibilityGlobals) = postSolution
		SolutionGuid = {2419817C-DE7C-47B9-BA32-9F5F28FE01E7}
	EndGlobalSection
EndGlobal
