
Microsoft Visual Studio Solution File, Format Version 12.00
# Visual Studio Version 17
VisualStudioVersion = 17.6.33829.357
MinimumVisualStudioVersion = 10.0.40219.1
Project("{FAE04EC0-301F-11D3-BF4B-00C04F79EFBC}") = "Condicional If", "Condicional If\Condicional If.csproj", "{2093098A-9542-4A1C-8C2D-1267662DC9A6}"
EndProject
Global
	GlobalSection(SolutionConfigurationPlatforms) = preSolution
		Debug|Any CPU = Debug|Any CPU
		Release|Any CPU = Release|Any CPU
	EndGlobalSection
	GlobalSection(ProjectConfigurationPlatforms) = postSolution
		{2093098A-9542-4A1C-8C2D-1267662DC9A6}.Debug|Any CPU.ActiveCfg = Debug|Any CPU
		{2093098A-9542-4A1C-8C2D-1267662DC9A6}.Debug|Any CPU.Build.0 = Debug|Any CPU
		{2093098A-9542-4A1C-8C2D-1267662DC9A6}.Release|Any CPU.ActiveCfg = Release|Any CPU
		{2093098A-9542-4A1C-8C2D-1267662DC9A6}.Release|Any CPU.Build.0 = Release|Any CPU
	EndGlobalSection
	GlobalSection(SolutionProperties) = preSolution
		HideSolutionNode = FALSE
	EndGlobalSection
	GlobalSection(ExtensibilityGlobals) = postSolution
		SolutionGuid = {C0BF9BFF-F989-4D30-B2CA-C0E53D0750E7}
	EndGlobalSection
EndGlobal
