
Microsoft Visual Studio Solution File, Format Version 12.00
# Visual Studio Version 17
VisualStudioVersion = 17.6.33829.357
MinimumVisualStudioVersion = 10.0.40219.1
Project("{FAE04EC0-301F-11D3-BF4B-00C04F79EFBC}") = "Condiciones Switch", "Condiciones Switch\Condiciones Switch.csproj", "{C22E6895-6310-4617-85F4-D8FEE8114792}"
EndProject
Global
	GlobalSection(SolutionConfigurationPlatforms) = preSolution
		Debug|Any CPU = Debug|Any CPU
		Release|Any CPU = Release|Any CPU
	EndGlobalSection
	GlobalSection(ProjectConfigurationPlatforms) = postSolution
		{C22E6895-6310-4617-85F4-D8FEE8114792}.Debug|Any CPU.ActiveCfg = Debug|Any CPU
		{C22E6895-6310-4617-85F4-D8FEE8114792}.Debug|Any CPU.Build.0 = Debug|Any CPU
		{C22E6895-6310-4617-85F4-D8FEE8114792}.Release|Any CPU.ActiveCfg = Release|Any CPU
		{C22E6895-6310-4617-85F4-D8FEE8114792}.Release|Any CPU.Build.0 = Release|Any CPU
	EndGlobalSection
	GlobalSection(SolutionProperties) = preSolution
		HideSolutionNode = FALSE
	EndGlobalSection
	GlobalSection(ExtensibilityGlobals) = postSolution
		SolutionGuid = {8E8BCF4E-870F-44D8-B63A-401DAAEE1AF6}
	EndGlobalSection
EndGlobal
