
Microsoft Visual Studio Solution File, Format Version 12.00
# Visual Studio Version 17
VisualStudioVersion = 17.6.33815.320
MinimumVisualStudioVersion = 10.0.40219.1
Project("{FAE04EC0-301F-11D3-BF4B-00C04F79EFBC}") = "Switch break default", "Switch break default\Switch break default.csproj", "{FA4A76F7-D37F-4F2B-8B52-22E241CE826E}"
EndProject
Global
	GlobalSection(SolutionConfigurationPlatforms) = preSolution
		Debug|Any CPU = Debug|Any CPU
		Release|Any CPU = Release|Any CPU
	EndGlobalSection
	GlobalSection(ProjectConfigurationPlatforms) = postSolution
		{FA4A76F7-D37F-4F2B-8B52-22E241CE826E}.Debug|Any CPU.ActiveCfg = Debug|Any CPU
		{FA4A76F7-D37F-4F2B-8B52-22E241CE826E}.Debug|Any CPU.Build.0 = Debug|Any CPU
		{FA4A76F7-D37F-4F2B-8B52-22E241CE826E}.Release|Any CPU.ActiveCfg = Release|Any CPU
		{FA4A76F7-D37F-4F2B-8B52-22E241CE826E}.Release|Any CPU.Build.0 = Release|Any CPU
	EndGlobalSection
	GlobalSection(SolutionProperties) = preSolution
		HideSolutionNode = FALSE
	EndGlobalSection
	GlobalSection(ExtensibilityGlobals) = postSolution
		SolutionGuid = {B439C5B0-FCAA-4275-BB43-156EAC28A79A}
	EndGlobalSection
EndGlobal
